
Microsoft Visual Studio Solution File, Format Version 12.00
# Visual Studio Version 17
VisualStudioVersion = 17.5.33530.505
MinimumVisualStudioVersion = 10.0.40219.1
Project("{9A19103F-16F7-4668-BE54-9A1E7A4F7556}") = "01_Console_IO", "01_Console_IO\01_Console_IO.csproj", "{764EA6FE-B2A3-4DDF-9C12-0C5B82CE9B3F}"
EndProject
Project("{FAE04EC0-301F-11D3-BF4B-00C04F79EFBC}") = "02_Console_TypeSystem", "02_Console_TypeSystem\02_Console_TypeSystem.csproj", "{78FF5F67-9779-4835-90D4-B3A622FB24F2}"
EndProject
Global
	GlobalSection(SolutionConfigurationPlatforms) = preSolution
		Debug|Any CPU = Debug|Any CPU
		Release|Any CPU = Release|Any CPU
	EndGlobalSection
	GlobalSection(ProjectConfigurationPlatforms) = postSolution
		{764EA6FE-B2A3-4DDF-9C12-0C5B82CE9B3F}.Debug|Any CPU.ActiveCfg = Debug|Any CPU
		{764EA6FE-B2A3-4DDF-9C12-0C5B82CE9B3F}.Debug|Any CPU.Build.0 = Debug|Any CPU
		{764EA6FE-B2A3-4DDF-9C12-0C5B82CE9B3F}.Release|Any CPU.ActiveCfg = Release|Any CPU
		{764EA6FE-B2A3-4DDF-9C12-0C5B82CE9B3F}.Release|Any CPU.Build.0 = Release|Any CPU
		{78FF5F67-9779-4835-90D4-B3A622FB24F2}.Debug|Any CPU.ActiveCfg = Debug|Any CPU
		{78FF5F67-9779-4835-90D4-B3A622FB24F2}.Debug|Any CPU.Build.0 = Debug|Any CPU
		{78FF5F67-9779-4835-90D4-B3A622FB24F2}.Release|Any CPU.ActiveCfg = Release|Any CPU
		{78FF5F67-9779-4835-90D4-B3A622FB24F2}.Release|Any CPU.Build.0 = Release|Any CPU
	EndGlobalSection
	GlobalSection(SolutionProperties) = preSolution
		HideSolutionNode = FALSE
	EndGlobalSection
	GlobalSection(ExtensibilityGlobals) = postSolution
		SolutionGuid = {81CC30D7-1BF0-442A-A879-763B9262607C}
	EndGlobalSection
EndGlobal
